
Microsoft Visual Studio Solution File, Format Version 12.00
# Visual Studio Version 16
VisualStudioVersion = 16.0.29905.134
MinimumVisualStudioVersion = 10.0.40219.1
Project("{FAE04EC0-301F-11D3-BF4B-00C04F79EFBC}") = "Kursai", "Kursai\Kursai.csproj", "{C349B386-23BF-4A60-ADD1-70F474AC444C}"
EndProject
Global
	GlobalSection(SolutionConfigurationPlatforms) = preSolution
		Debug|Any CPU = Debug|Any CPU
		Release|Any CPU = Release|Any CPU
	EndGlobalSection
	GlobalSection(ProjectConfigurationPlatforms) = postSolution
		{C349B386-23BF-4A60-ADD1-70F474AC444C}.Debug|Any CPU.ActiveCfg = Debug|Any CPU
		{C349B386-23BF-4A60-ADD1-70F474AC444C}.Debug|Any CPU.Build.0 = Debug|Any CPU
		{C349B386-23BF-4A60-ADD1-70F474AC444C}.Release|Any CPU.ActiveCfg = Release|Any CPU
		{C349B386-23BF-4A60-ADD1-70F474AC444C}.Release|Any CPU.Build.0 = Release|Any CPU
	EndGlobalSection
	GlobalSection(SolutionProperties) = preSolution
		HideSolutionNode = FALSE
	EndGlobalSection
	GlobalSection(ExtensibilityGlobals) = postSolution
		SolutionGuid = {E96A0D18-8A85-474A-A078-4BF154E0B1B4}
	EndGlobalSection
EndGlobal
